
Microsoft Visual Studio Solution File, Format Version 12.00
# Visual Studio Version 16
VisualStudioVersion = 16.0.31112.23
MinimumVisualStudioVersion = 10.0.40219.1
Project("{FAE04EC0-301F-11D3-BF4B-00C04F79EFBC}") = "NcDonalds", "NcDonalds\NcDonalds.csproj", "{555FDE2B-2256-4283-A527-E84C917AE0BB}"
EndProject
Global
	GlobalSection(SolutionConfigurationPlatforms) = preSolution
		Debug|Any CPU = Debug|Any CPU
		Release|Any CPU = Release|Any CPU
	EndGlobalSection
	GlobalSection(ProjectConfigurationPlatforms) = postSolution
		{555FDE2B-2256-4283-A527-E84C917AE0BB}.Debug|Any CPU.ActiveCfg = Debug|Any CPU
		{555FDE2B-2256-4283-A527-E84C917AE0BB}.Debug|Any CPU.Build.0 = Debug|Any CPU
		{555FDE2B-2256-4283-A527-E84C917AE0BB}.Release|Any CPU.ActiveCfg = Release|Any CPU
		{555FDE2B-2256-4283-A527-E84C917AE0BB}.Release|Any CPU.Build.0 = Release|Any CPU
	EndGlobalSection
	GlobalSection(SolutionProperties) = preSolution
		HideSolutionNode = FALSE
	EndGlobalSection
	GlobalSection(ExtensibilityGlobals) = postSolution
		SolutionGuid = {B0F53D04-C4CB-4DFA-8211-B3103B6F4CF1}
	EndGlobalSection
EndGlobal
